// !$*UTF8*$!
{
	archiveVersion = 1;
	classes = {
	};
	objectVersion = 46;
	objects = {

/* Begin PBXBuildFile section */
		C041C8721C4635EC0073522F /* LKTNotificationBadge.m in Sources */ = {isa = PBXBuildFile; fileRef = C041C8711C4635EC0073522F /* LKTNotificationBadge.m */; };
		C0BCB3BC1C43D36100E56E7B /* main.m in Sources */ = {isa = PBXBuildFile; fileRef = C0BCB3BB1C43D36100E56E7B /* main.m */; };
		C0BCB3BF1C43D36100E56E7B /* AppDelegate.m in Sources */ = {isa = PBXBuildFile; fileRef = C0BCB3BE1C43D36100E56E7B /* AppDelegate.m */; };
		C0BCB3C21C43D36100E56E7B /* ViewController.m in Sources */ = {isa = PBXBuildFile; fileRef = C0BCB3C11C43D36100E56E7B /* ViewController.m */; };
		C0BCB3C51C43D36100E56E7B /* Main.storyboard in Resources */ = {isa = PBXBuildFile; fileRef = C0BCB3C31C43D36100E56E7B /* Main.storyboard */; };
		C0BCB3C71C43D36100E56E7B /* Assets.xcassets in Resources */ = {isa = PBXBuildFile; fileRef = C0BCB3C61C43D36100E56E7B /* Assets.xcassets */; };
		C0BCB3CA1C43D36100E56E7B /* LaunchScreen.storyboard in Resources */ = {isa = PBXBuildFile; fileRef = C0BCB3C81C43D36100E56E7B /* LaunchScreen.storyboard */; };
		C0BCB3D61C43DA7400E56E7B /* LKTHorizontalTableView.m in Sources */ = {isa = PBXBuildFile; fileRef = C0BCB3D51C43DA7400E56E7B /* LKTHorizontalTableView.m */; };
		C0BCB3D91C43DAA800E56E7B /* LKTTileCell.m in Sources */ = {isa = PBXBuildFile; fileRef = C0BCB3D81C43DAA800E56E7B /* LKTTileCell.m */; };
/* End PBXBuildFile section */

/* Begin PBXFileReference section */
		C041C8701C4635EC0073522F /* LKTNotificationBadge.h */ = {isa = PBXFileReference; fileEncoding = 4; lastKnownFileType = sourcecode.c.h; path = LKTNotificationBadge.h; sourceTree = "<group>"; };
		C041C8711C4635EC0073522F /* LKTNotificationBadge.m */ = {isa = PBXFileReference; fileEncoding = 4; lastKnownFileType = sourcecode.c.objc; path = LKTNotificationBadge.m; sourceTree = "<group>"; };
		C0BCB3B71C43D36100E56E7B /* LKTNotificationBadge.app */ = {isa = PBXFileReference; explicitFileType = wrapper.application; includeInIndex = 0; path = LKTNotificationBadge.app; sourceTree = BUILT_PRODUCTS_DIR; };
		C0BCB3BB1C43D36100E56E7B /* main.m */ = {isa = PBXFileReference; lastKnownFileType = sourcecode.c.objc; path = main.m; sourceTree = "<group>"; };
		C0BCB3BD1C43D36100E56E7B /* AppDelegate.h */ = {isa = PBXFileReference; lastKnownFileType = sourcecode.c.h; path = AppDelegate.h; sourceTree = "<group>"; };
		C0BCB3BE1C43D36100E56E7B /* AppDelegate.m */ = {isa = PBXFileReference; lastKnownFileType = sourcecode.c.objc; path = AppDelegate.m; sourceTree = "<group>"; };
		C0BCB3C01C43D36100E56E7B /* ViewController.h */ = {isa = PBXFileReference; lastKnownFileType = sourcecode.c.h; path = ViewController.h; sourceTree = "<group>"; };
		C0BCB3C11C43D36100E56E7B /* ViewController.m */ = {isa = PBXFileReference; lastKnownFileType = sourcecode.c.objc; path = ViewController.m; sourceTree = "<group>"; };
		C0BCB3C41C43D36100E56E7B /* Base */ = {isa = PBXFileReference; lastKnownFileType = file.storyboard; name = Base; path = Base.lproj/Main.storyboard; sourceTree = "<group>"; };
		C0BCB3C61C43D36100E56E7B /* Assets.xcassets */ = {isa = PBXFileReference; lastKnownFileType = folder.assetcatalog; path = Assets.xcassets; sourceTree = "<group>"; };
		C0BCB3C91C43D36100E56E7B /* Base */ = {isa = PBXFileReference; lastKnownFileType = file.storyboard; name = Base; path = Base.lproj/LaunchScreen.storyboard; sourceTree = "<group>"; };
		C0BCB3CB1C43D36100E56E7B /* Info.plist */ = {isa = PBXFileReference; lastKnownFileType = text.plist.xml; path = Info.plist; sourceTree = "<group>"; };
		C0BCB3D41C43DA7400E56E7B /* LKTHorizontalTableView.h */ = {isa = PBXFileReference; fileEncoding = 4; lastKnownFileType = sourcecode.c.h; path = LKTHorizontalTableView.h; sourceTree = "<group>"; };
		C0BCB3D51C43DA7400E56E7B /* LKTHorizontalTableView.m */ = {isa = PBXFileReference; fileEncoding = 4; lastKnownFileType = sourcecode.c.objc; path = LKTHorizontalTableView.m; sourceTree = "<group>"; };
		C0BCB3D71C43DAA800E56E7B /* LKTTileCell.h */ = {isa = PBXFileReference; fileEncoding = 4; lastKnownFileType = sourcecode.c.h; path = LKTTileCell.h; sourceTree = "<group>"; };
		C0BCB3D81C43DAA800E56E7B /* LKTTileCell.m */ = {isa = PBXFileReference; fileEncoding = 4; lastKnownFileType = sourcecode.c.objc; path = LKTTileCell.m; sourceTree = "<group>"; };
/* End PBXFileReference section */

/* Begin PBXFrameworksBuildPhase section */
		C0BCB3B41C43D36100E56E7B /* Frameworks */ = {
			isa = PBXFrameworksBuildPhase;
			buildActionMask = 2147483647;
			files = (
			);
			runOnlyForDeploymentPostprocessing = 0;
		};
/* End PBXFrameworksBuildPhase section */

/* Begin PBXGroup section */
		C0BCB3AE1C43D36100E56E7B = {
			isa = PBXGroup;
			children = (
				C0BCB3B91C43D36100E56E7B /* LKTNotificationBadge */,
				C0BCB3B81C43D36100E56E7B /* Products */,
			);
			sourceTree = "<group>";
		};
		C0BCB3B81C43D36100E56E7B /* Products */ = {
			isa = PBXGroup;
			children = (
				C0BCB3B71C43D36100E56E7B /* LKTNotificationBadge.app */,
			);
			name = Products;
			sourceTree = "<group>";
		};
		C0BCB3B91C43D36100E56E7B /* LKTNotificationBadge */ = {
			isa = PBXGroup;
			children = (
				C0BCB3D21C43DA2100E56E7B /* LKTNotificationBadge */,
				C0BCB3D11C43DA1500E56E7B /* Dependencies */,
				C0BCB3BD1C43D36100E56E7B /* AppDelegate.h */,
				C0BCB3BE1C43D36100E56E7B /* AppDelegate.m */,
				C0BCB3C01C43D36100E56E7B /* ViewController.h */,
				C0BCB3C11C43D36100E56E7B /* ViewController.m */,
				C0BCB3D71C43DAA800E56E7B /* LKTTileCell.h */,
				C0BCB3D81C43DAA800E56E7B /* LKTTileCell.m */,
				C0BCB3C31C43D36100E56E7B /* Main.storyboard */,
				C0BCB3C61C43D36100E56E7B /* Assets.xcassets */,
				C0BCB3C81C43D36100E56E7B /* LaunchScreen.storyboard */,
				C0BCB3CB1C43D36100E56E7B /* Info.plist */,
				C0BCB3BA1C43D36100E56E7B /* Supporting Files */,
			);
			path = LKTNotificationBadge;
			sourceTree = "<group>";
		};
		C0BCB3BA1C43D36100E56E7B /* Supporting Files */ = {
			isa = PBXGroup;
			children = (
				C0BCB3BB1C43D36100E56E7B /* main.m */,
			);
			name = "Supporting Files";
			sourceTree = "<group>";
		};
		C0BCB3D11C43DA1500E56E7B /* Dependencies */ = {
			isa = PBXGroup;
			children = (
				C0BCB3D31C43DA7400E56E7B /* LKTHorizontalTableView */,
			);
			path = Dependencies;
			sourceTree = "<group>";
		};
		C0BCB3D21C43DA2100E56E7B /* LKTNotificationBadge */ = {
			isa = PBXGroup;
			children = (
				C041C8701C4635EC0073522F /* LKTNotificationBadge.h */,
				C041C8711C4635EC0073522F /* LKTNotificationBadge.m */,
			);
			path = LKTNotificationBadge;
			sourceTree = "<group>";
		};
		C0BCB3D31C43DA7400E56E7B /* LKTHorizontalTableView */ = {
			isa = PBXGroup;
			children = (
				C0BCB3D41C43DA7400E56E7B /* LKTHorizontalTableView.h */,
				C0BCB3D51C43DA7400E56E7B /* LKTHorizontalTableView.m */,
			);
			path = LKTHorizontalTableView;
			sourceTree = "<group>";
		};
/* End PBXGroup section */

/* Begin PBXNativeTarget section */
		C0BCB3B61C43D36100E56E7B /* LKTNotificationBadge */ = {
			isa = PBXNativeTarget;
			buildConfigurationList = C0BCB3CE1C43D36100E56E7B /* Build configuration list for PBXNativeTarget "LKTNotificationBadge" */;
			buildPhases = (
				C0BCB3B31C43D36100E56E7B /* Sources */,
				C0BCB3B41C43D36100E56E7B /* Frameworks */,
				C0BCB3B51C43D36100E56E7B /* Resources */,
			);
			buildRules = (
			);
			dependencies = (
			);
			name = LKTNotificationBadge;
			productName = LKTNotificationBadge;
			productReference = C0BCB3B71C43D36100E56E7B /* LKTNotificationBadge.app */;
			productType = "com.apple.product-type.application";
		};
/* End PBXNativeTarget section */

/* Begin PBXProject section */
		C0BCB3AF1C43D36100E56E7B /* Project object */ = {
			isa = PBXProject;
			attributes = {
				LastUpgradeCheck = 0720;
				ORGANIZATIONNAME = "liem-khiet tran";
				TargetAttributes = {
					C0BCB3B61C43D36100E56E7B = {
						CreatedOnToolsVersion = 7.2;
					};
				};
			};
			buildConfigurationList = C0BCB3B21C43D36100E56E7B /* Build configuration list for PBXProject "LKTNotificationBadge" */;
			compatibilityVersion = "Xcode 3.2";
			developmentRegion = English;
			hasScannedForEncodings = 0;
			knownRegions = (
				en,
				Base,
			);
			mainGroup = C0BCB3AE1C43D36100E56E7B;
			productRefGroup = C0BCB3B81C43D36100E56E7B /* Products */;
			projectDirPath = "";
			projectRoot = "";
			targets = (
				C0BCB3B61C43D36100E56E7B /* LKTNotificationBadge */,
			);
		};
/* End PBXProject section */

/* Begin PBXResourcesBuildPhase section */
		C0BCB3B51C43D36100E56E7B /* Resources */ = {
			isa = PBXResourcesBuildPhase;
			buildActionMask = 2147483647;
			files = (
				C0BCB3CA1C43D36100E56E7B /* LaunchScreen.storyboard in Resources */,
				C0BCB3C71C43D36100E56E7B /* Assets.xcassets in Resources */,
				C0BCB3C51C43D36100E56E7B /* Main.storyboard in Resources */,
			);
			runOnlyForDeploymentPostprocessing = 0;
		};
/* End PBXResourcesBuildPhase section */

/* Begin PBXSourcesBuildPhase section */
		C0BCB3B31C43D36100E56E7B /* Sources */ = {
			isa = PBXSourcesBuildPhase;
			buildActionMask = 2147483647;
			files = (
				C041C8721C4635EC0073522F /* LKTNotificationBadge.m in Sources */,
				C0BCB3C21C43D36100E56E7B /* ViewController.m in Sources */,
				C0BCB3D91C43DAA800E56E7B /* LKTTileCell.m in Sources */,
				C0BCB3BF1C43D36100E56E7B /* AppDelegate.m in Sources */,
				C0BCB3BC1C43D36100E56E7B /* main.m in Sources */,
				C0BCB3D61C43DA7400E56E7B /* LKTHorizontalTableView.m in Sources */,
			);
			runOnlyForDeploymentPostprocessing = 0;
		};
/* End PBXSourcesBuildPhase section */

/* Begin PBXVariantGroup section */
		C0BCB3C31C43D36100E56E7B /* Main.storyboard */ = {
			isa = PBXVariantGroup;
			children = (
				C0BCB3C41C43D36100E56E7B /* Base */,
			);
			name = Main.storyboard;
			sourceTree = "<group>";
		};
		C0BCB3C81C43D36100E56E7B /* LaunchScreen.storyboard */ = {
			isa = PBXVariantGroup;
			children = (
				C0BCB3C91C43D36100E56E7B /* Base */,
			);
			name = LaunchScreen.storyboard;
			sourceTree = "<group>";
		};
/* End PBXVariantGroup section */

/* Begin XCBuildConfiguration section */
		C0BCB3CC1C43D36100E56E7B /* Debug */ = {
			isa = XCBuildConfiguration;
			buildSettings = {
				ALWAYS_SEARCH_USER_PATHS = NO;
				CLANG_CXX_LANGUAGE_STANDARD = "gnu++0x";
				CLANG_CXX_LIBRARY = "libc++";
				CLANG_ENABLE_MODULES = YES;
				CLANG_ENABLE_OBJC_ARC = YES;
				CLANG_WARN_BOOL_CONVERSION = YES;
				CLANG_WARN_CONSTANT_CONVERSION = YES;
				CLANG_WARN_DIRECT_OBJC_ISA_USAGE = YES_ERROR;
				CLANG_WARN_EMPTY_BODY = YES;
				CLANG_WARN_ENUM_CONVERSION = YES;
				CLANG_WARN_INT_CONVERSION = YES;
				CLANG_WARN_OBJC_ROOT_CLASS = YES_ERROR;
				CLANG_WARN_UNREACHABLE_CODE = YES;
				CLANG_WARN__DUPLICATE_METHOD_MATCH = YES;
				"CODE_SIGN_IDENTITY[sdk=iphoneos*]" = "iPhone Developer";
				COPY_PHASE_STRIP = NO;
				DEBUG_INFORMATION_FORMAT = dwarf;
				ENABLE_STRICT_OBJC_MSGSEND = YES;
				ENABLE_TESTABILITY = YES;
				GCC_C_LANGUAGE_STANDARD = gnu99;
				GCC_DYNAMIC_NO_PIC = NO;
				GCC_NO_COMMON_BLOCKS = YES;
				GCC_OPTIMIZATION_LEVEL = 0;
				GCC_PREPROCESSOR_DEFINITIONS = (
					"DEBUG=1",
					"$(inherited)",
				);
				GCC_WARN_64_TO_32_BIT_CONVERSION = YES;
				GCC_WARN_ABOUT_RETURN_TYPE = YES_ERROR;
				GCC_WARN_UNDECLARED_SELECTOR = YES;
				GCC_WARN_UNINITIALIZED_AUTOS = YES_AGGRESSIVE;
				GCC_WARN_UNUSED_FUNCTION = YES;
				GCC_WARN_UNUSED_VARIABLE = YES;
				IPHONEOS_DEPLOYMENT_TARGET = 9.2;
				MTL_ENABLE_DEBUG_INFO = YES;
				ONLY_ACTIVE_ARCH = YES;
				SDKROOT = iphoneos;
				TARGETED_DEVICE_FAMILY = "1,2";
			};
			name = Debug;
		};
		C0BCB3CD1C43D36100E56E7B /* Release */ = {
			isa = XCBuildConfiguration;
			buildSettings = {
				ALWAYS_SEARCH_USER_PATHS = NO;
				CLANG_CXX_LANGUAGE_STANDARD = "gnu++0x";
				CLANG_CXX_LIBRARY = "libc++";
				CLANG_ENABLE_MODULES = YES;
				CLANG_ENABLE_OBJC_ARC = YES;
				CLANG_WARN_BOOL_CONVERSION = YES;
				CLANG_WARN_CONSTANT_CONVERSION = YES;
				CLANG_WARN_DIRECT_OBJC_ISA_USAGE = YES_ERROR;
				CLANG_WARN_EMPTY_BODY = YES;
				CLANG_WARN_ENUM_CONVERSION = YES;
				CLANG_WARN_INT_CONVERSION = YES;
				CLANG_WARN_OBJC_ROOT_CLASS = YES_ERROR;
				CLANG_WARN_UNREACHABLE_CODE = YES;
				CLANG_WARN__DUPLICATE_METHOD_MATCH = YES;
				"CODE_SIGN_IDENTITY[sdk=iphoneos*]" = "iPhone Developer";
				COPY_PHASE_STRIP = NO;
				DEBUG_INFORMATION_FORMAT = "dwarf-with-dsym";
				ENABLE_NS_ASSERTIONS = NO;
				ENABLE_STRICT_OBJC_MSGSEND = YES;
				GCC_C_LANGUAGE_STANDARD = gnu99;
				GCC_NO_COMMON_BLOCKS = YES;
				GCC_WARN_64_TO_32_BIT_CONVERSION = YES;
				GCC_WARN_ABOUT_RETURN_TYPE = YES_ERROR;
				GCC_WARN_UNDECLARED_SELECTOR = YES;
				GCC_WARN_UNINITIALIZED_AUTOS = YES_AGGRESSIVE;
				GCC_WARN_UNUSED_FUNCTION = YES;
				GCC_WARN_UNUSED_VARIABLE = YES;
				IPHONEOS_DEPLOYMENT_TARGET = 9.2;
				MTL_ENABLE_DEBUG_INFO = NO;
				SDKROOT = iphoneos;
				TARGETED_DEVICE_FAMILY = "1,2";
				VALIDATE_PRODUCT = YES;
			};
			name = Release;
		};
		C0BCB3CF1C43D36100E56E7B /* Debug */ = {
			isa = XCBuildConfiguration;
			buildSettings = {
				ASSETCATALOG_COMPILER_APPICON_NAME = AppIcon;
				INFOPLIST_FILE = LKTNotificationBadge/Info.plist;
				LD_RUNPATH_SEARCH_PATHS = "$(inherited) @executable_path/Frameworks";
				PRODUCT_BUNDLE_IDENTIFIER = com.lkt.LKTNotificationBadge;
				PRODUCT_NAME = "$(TARGET_NAME)";
			};
			name = Debug;
		};
		C0BCB3D01C43D36100E56E7B /* Release */ = {
			isa = XCBuildConfiguration;
			buildSettings = {
				ASSETCATALOG_COMPILER_APPICON_NAME = AppIcon;
				INFOPLIST_FILE = LKTNotificationBadge/Info.plist;
				LD_RUNPATH_SEARCH_PATHS = "$(inherited) @executable_path/Frameworks";
				PRODUCT_BUNDLE_IDENTIFIER = com.lkt.LKTNotificationBadge;
				PRODUCT_NAME = "$(TARGET_NAME)";
			};
			name = Release;
		};
/* End XCBuildConfiguration section */

/* Begin XCConfigurationList section */
		C0BCB3B21C43D36100E56E7B /* Build configuration list for PBXProject "LKTNotificationBadge" */ = {
			isa = XCConfigurationList;
			buildConfigurations = (
				C0BCB3CC1C43D36100E56E7B /* Debug */,
				C0BCB3CD1C43D36100E56E7B /* Release */,
			);
			defaultConfigurationIsVisible = 0;
			defaultConfigurationName = Release;
		};
		C0BCB3CE1C43D36100E56E7B /* Build configuration list for PBXNativeTarget "LKTNotificationBadge" */ = {
			isa = XCConfigurationList;
			buildConfigurations = (
				C0BCB3CF1C43D36100E56E7B /* Debug */,
				C0BCB3D01C43D36100E56E7B /* Release */,
			);
			defaultConfigurationIsVisible = 0;
			defaultConfigurationName = Release;
		};
/* End XCConfigurationList section */
	};
	rootObject = C0BCB3AF1C43D36100E56E7B /* Project object */;
}
